
Microsoft Visual Studio Solution File, Format Version 12.00
# Visual Studio Version 16
VisualStudioVersion = 16.0.31410.357
MinimumVisualStudioVersion = 10.0.40219.1
Project("{FAE04EC0-301F-11D3-BF4B-00C04F79EFBC}") = "SysCar.Api", "SysCar.Api\SysCar.Api.csproj", "{0C2385A5-31C7-4846-A44B-A67C4BA46EA8}"
EndProject
Project("{FAE04EC0-301F-11D3-BF4B-00C04F79EFBC}") = "SysCar.Dominio", "SysCar.Dominio\SysCar.Dominio.csproj", "{4CBA9072-8429-414E-B76D-83A4AD791804}"
EndProject
Project("{FAE04EC0-301F-11D3-BF4B-00C04F79EFBC}") = "SysCar.Repositorio", "SysCar.Repositorio\SysCar.Repositorio.csproj", "{29982985-623B-4492-A225-578D426366CF}"
EndProject
Global
	GlobalSection(SolutionConfigurationPlatforms) = preSolution
		Debug|Any CPU = Debug|Any CPU
		Release|Any CPU = Release|Any CPU
	EndGlobalSection
	GlobalSection(ProjectConfigurationPlatforms) = postSolution
		{0C2385A5-31C7-4846-A44B-A67C4BA46EA8}.Debug|Any CPU.ActiveCfg = Debug|Any CPU
		{0C2385A5-31C7-4846-A44B-A67C4BA46EA8}.Debug|Any CPU.Build.0 = Debug|Any CPU
		{0C2385A5-31C7-4846-A44B-A67C4BA46EA8}.Release|Any CPU.ActiveCfg = Release|Any CPU
		{0C2385A5-31C7-4846-A44B-A67C4BA46EA8}.Release|Any CPU.Build.0 = Release|Any CPU
		{4CBA9072-8429-414E-B76D-83A4AD791804}.Debug|Any CPU.ActiveCfg = Debug|Any CPU
		{4CBA9072-8429-414E-B76D-83A4AD791804}.Debug|Any CPU.Build.0 = Debug|Any CPU
		{4CBA9072-8429-414E-B76D-83A4AD791804}.Release|Any CPU.ActiveCfg = Release|Any CPU
		{4CBA9072-8429-414E-B76D-83A4AD791804}.Release|Any CPU.Build.0 = Release|Any CPU
		{29982985-623B-4492-A225-578D426366CF}.Debug|Any CPU.ActiveCfg = Debug|Any CPU
		{29982985-623B-4492-A225-578D426366CF}.Debug|Any CPU.Build.0 = Debug|Any CPU
		{29982985-623B-4492-A225-578D426366CF}.Release|Any CPU.ActiveCfg = Release|Any CPU
		{29982985-623B-4492-A225-578D426366CF}.Release|Any CPU.Build.0 = Release|Any CPU
	EndGlobalSection
	GlobalSection(SolutionProperties) = preSolution
		HideSolutionNode = FALSE
	EndGlobalSection
	GlobalSection(ExtensibilityGlobals) = postSolution
		SolutionGuid = {247E37F2-0C53-4D81-930A-0D3552D72B45}
	EndGlobalSection
EndGlobal
